
Microsoft Visual Studio Solution File, Format Version 12.00
# Visual Studio 15
VisualStudioVersion = 15.0.26124.0
MinimumVisualStudioVersion = 15.0.26124.0
Project("{2150E333-8FDC-42A3-9474-1A3956D46DE8}") = "ElementAdmin.Application", "ElementAdmin.Application", "{6E3F0633-8A32-4594-BA4D-521FE63BFAF3}"
EndProject
Project("{2150E333-8FDC-42A3-9474-1A3956D46DE8}") = "ElementAdmin.Domain", "ElementAdmin.Domain", "{B990CDB7-6C48-4A6D-A3FF-51A6D51B61B2}"
EndProject
Project("{2150E333-8FDC-42A3-9474-1A3956D46DE8}") = "ElementAdmin.Infrastructure", "ElementAdmin.Infrastructure", "{A65AD08D-B868-49A3-8CF6-E5CD36395E1E}"
EndProject
Project("{9A19103F-16F7-4668-BE54-9A1E7A4F7556}") = "ElementAdmin.Domain.Context", "ElementAdmin.Application.Context\ElementAdmin.Domain.Context.csproj", "{8FD9FC85-D90A-42F9-A4AE-22CBEDA28CB7}"
EndProject
Project("{9A19103F-16F7-4668-BE54-9A1E7A4F7556}") = "ElementAdmin.Application.Web", "ElementAdmin.Application.Web\ElementAdmin.Application.Web.csproj", "{7571D4CA-5358-4EA1-BD6C-11EBB66062B8}"
EndProject
Project("{9A19103F-16F7-4668-BE54-9A1E7A4F7556}") = "ElementAdmin.Domain.Aggregate", "ElementAdmin.Domain.Aggregate\ElementAdmin.Domain.Aggregate.csproj", "{D3EB769C-27A3-4E87-8D63-0041DE4E4FAC}"
EndProject
Project("{9A19103F-16F7-4668-BE54-9A1E7A4F7556}") = "ElementAdmin.Domain.Entities", "ElementAdmin.Domain.Entities\ElementAdmin.Domain.Entities.csproj", "{7627C5F2-8011-47E2-BAE4-4CE96BC4A13D}"
EndProject
Project("{9A19103F-16F7-4668-BE54-9A1E7A4F7556}") = "ElementAdmin.Domain.Factories", "ElementAdmin.Domain.Factories\ElementAdmin.Domain.Factories.csproj", "{09C23AB5-9A53-494C-BBA8-90ED9618A52F}"
EndProject
Project("{9A19103F-16F7-4668-BE54-9A1E7A4F7556}") = "ElementAdmin.Infrastructure.Common", "ElementAdmin.Infrastructure.Common\ElementAdmin.Infrastructure.Common.csproj", "{24EBAE0F-2727-4372-A860-E8DBBF493903}"
EndProject
Project("{9A19103F-16F7-4668-BE54-9A1E7A4F7556}") = "ElementAdmin.Infrastructure.Repositories", "ElementAdmin.Infrastructure.Repositories\ElementAdmin.Infrastructure.Repositories.csproj", "{9BBA3DC6-ACC1-4D7C-A7FB-C8048BC14FA7}"
EndProject
Project("{9A19103F-16F7-4668-BE54-9A1E7A4F7556}") = "ElementAdmin.Domain.ObjVal", "ElementAdmin.Domain.ObjVal\ElementAdmin.Domain.ObjVal.csproj", "{9E476E44-974D-4AB9-9C70-A916A54AC2D7}"
EndProject
Global
	GlobalSection(SolutionConfigurationPlatforms) = preSolution
		Debug|Any CPU = Debug|Any CPU
		Debug|x64 = Debug|x64
		Debug|x86 = Debug|x86
		Release|Any CPU = Release|Any CPU
		Release|x64 = Release|x64
		Release|x86 = Release|x86
	EndGlobalSection
	GlobalSection(ProjectConfigurationPlatforms) = postSolution
		{8FD9FC85-D90A-42F9-A4AE-22CBEDA28CB7}.Debug|Any CPU.ActiveCfg = Debug|Any CPU
		{8FD9FC85-D90A-42F9-A4AE-22CBEDA28CB7}.Debug|Any CPU.Build.0 = Debug|Any CPU
		{8FD9FC85-D90A-42F9-A4AE-22CBEDA28CB7}.Debug|x64.ActiveCfg = Debug|Any CPU
		{8FD9FC85-D90A-42F9-A4AE-22CBEDA28CB7}.Debug|x64.Build.0 = Debug|Any CPU
		{8FD9FC85-D90A-42F9-A4AE-22CBEDA28CB7}.Debug|x86.ActiveCfg = Debug|Any CPU
		{8FD9FC85-D90A-42F9-A4AE-22CBEDA28CB7}.Debug|x86.Build.0 = Debug|Any CPU
		{8FD9FC85-D90A-42F9-A4AE-22CBEDA28CB7}.Release|Any CPU.ActiveCfg = Release|Any CPU
		{8FD9FC85-D90A-42F9-A4AE-22CBEDA28CB7}.Release|Any CPU.Build.0 = Release|Any CPU
		{8FD9FC85-D90A-42F9-A4AE-22CBEDA28CB7}.Release|x64.ActiveCfg = Release|Any CPU
		{8FD9FC85-D90A-42F9-A4AE-22CBEDA28CB7}.Release|x64.Build.0 = Release|Any CPU
		{8FD9FC85-D90A-42F9-A4AE-22CBEDA28CB7}.Release|x86.ActiveCfg = Release|Any CPU
		{8FD9FC85-D90A-42F9-A4AE-22CBEDA28CB7}.Release|x86.Build.0 = Release|Any CPU
		{7571D4CA-5358-4EA1-BD6C-11EBB66062B8}.Debug|Any CPU.ActiveCfg = Debug|Any CPU
		{7571D4CA-5358-4EA1-BD6C-11EBB66062B8}.Debug|Any CPU.Build.0 = Debug|Any CPU
		{7571D4CA-5358-4EA1-BD6C-11EBB66062B8}.Debug|x64.ActiveCfg = Debug|Any CPU
		{7571D4CA-5358-4EA1-BD6C-11EBB66062B8}.Debug|x64.Build.0 = Debug|Any CPU
		{7571D4CA-5358-4EA1-BD6C-11EBB66062B8}.Debug|x86.ActiveCfg = Debug|Any CPU
		{7571D4CA-5358-4EA1-BD6C-11EBB66062B8}.Debug|x86.Build.0 = Debug|Any CPU
		{7571D4CA-5358-4EA1-BD6C-11EBB66062B8}.Release|Any CPU.ActiveCfg = Release|Any CPU
		{7571D4CA-5358-4EA1-BD6C-11EBB66062B8}.Release|Any CPU.Build.0 = Release|Any CPU
		{7571D4CA-5358-4EA1-BD6C-11EBB66062B8}.Release|x64.ActiveCfg = Release|Any CPU
		{7571D4CA-5358-4EA1-BD6C-11EBB66062B8}.Release|x64.Build.0 = Release|Any CPU
		{7571D4CA-5358-4EA1-BD6C-11EBB66062B8}.Release|x86.ActiveCfg = Release|Any CPU
		{7571D4CA-5358-4EA1-BD6C-11EBB66062B8}.Release|x86.Build.0 = Release|Any CPU
		{D3EB769C-27A3-4E87-8D63-0041DE4E4FAC}.Debug|Any CPU.ActiveCfg = Debug|Any CPU
		{D3EB769C-27A3-4E87-8D63-0041DE4E4FAC}.Debug|Any CPU.Build.0 = Debug|Any CPU
		{D3EB769C-27A3-4E87-8D63-0041DE4E4FAC}.Debug|x64.ActiveCfg = Debug|Any CPU
		{D3EB769C-27A3-4E87-8D63-0041DE4E4FAC}.Debug|x64.Build.0 = Debug|Any CPU
		{D3EB769C-27A3-4E87-8D63-0041DE4E4FAC}.Debug|x86.ActiveCfg = Debug|Any CPU
		{D3EB769C-27A3-4E87-8D63-0041DE4E4FAC}.Debug|x86.Build.0 = Debug|Any CPU
		{D3EB769C-27A3-4E87-8D63-0041DE4E4FAC}.Release|Any CPU.ActiveCfg = Release|Any CPU
		{D3EB769C-27A3-4E87-8D63-0041DE4E4FAC}.Release|Any CPU.Build.0 = Release|Any CPU
		{D3EB769C-27A3-4E87-8D63-0041DE4E4FAC}.Release|x64.ActiveCfg = Release|Any CPU
		{D3EB769C-27A3-4E87-8D63-0041DE4E4FAC}.Release|x64.Build.0 = Release|Any CPU
		{D3EB769C-27A3-4E87-8D63-0041DE4E4FAC}.Release|x86.ActiveCfg = Release|Any CPU
		{D3EB769C-27A3-4E87-8D63-0041DE4E4FAC}.Release|x86.Build.0 = Release|Any CPU
		{7627C5F2-8011-47E2-BAE4-4CE96BC4A13D}.Debug|Any CPU.ActiveCfg = Debug|Any CPU
		{7627C5F2-8011-47E2-BAE4-4CE96BC4A13D}.Debug|Any CPU.Build.0 = Debug|Any CPU
		{7627C5F2-8011-47E2-BAE4-4CE96BC4A13D}.Debug|x64.ActiveCfg = Debug|Any CPU
		{7627C5F2-8011-47E2-BAE4-4CE96BC4A13D}.Debug|x64.Build.0 = Debug|Any CPU
		{7627C5F2-8011-47E2-BAE4-4CE96BC4A13D}.Debug|x86.ActiveCfg = Debug|Any CPU
		{7627C5F2-8011-47E2-BAE4-4CE96BC4A13D}.Debug|x86.Build.0 = Debug|Any CPU
		{7627C5F2-8011-47E2-BAE4-4CE96BC4A13D}.Release|Any CPU.ActiveCfg = Release|Any CPU
		{7627C5F2-8011-47E2-BAE4-4CE96BC4A13D}.Release|Any CPU.Build.0 = Release|Any CPU
		{7627C5F2-8011-47E2-BAE4-4CE96BC4A13D}.Release|x64.ActiveCfg = Release|Any CPU
		{7627C5F2-8011-47E2-BAE4-4CE96BC4A13D}.Release|x64.Build.0 = Release|Any CPU
		{7627C5F2-8011-47E2-BAE4-4CE96BC4A13D}.Release|x86.ActiveCfg = Release|Any CPU
		{7627C5F2-8011-47E2-BAE4-4CE96BC4A13D}.Release|x86.Build.0 = Release|Any CPU
		{09C23AB5-9A53-494C-BBA8-90ED9618A52F}.Debug|Any CPU.ActiveCfg = Debug|Any CPU
		{09C23AB5-9A53-494C-BBA8-90ED9618A52F}.Debug|Any CPU.Build.0 = Debug|Any CPU
		{09C23AB5-9A53-494C-BBA8-90ED9618A52F}.Debug|x64.ActiveCfg = Debug|Any CPU
		{09C23AB5-9A53-494C-BBA8-90ED9618A52F}.Debug|x64.Build.0 = Debug|Any CPU
		{09C23AB5-9A53-494C-BBA8-90ED9618A52F}.Debug|x86.ActiveCfg = Debug|Any CPU
		{09C23AB5-9A53-494C-BBA8-90ED9618A52F}.Debug|x86.Build.0 = Debug|Any CPU
		{09C23AB5-9A53-494C-BBA8-90ED9618A52F}.Release|Any CPU.ActiveCfg = Release|Any CPU
		{09C23AB5-9A53-494C-BBA8-90ED9618A52F}.Release|Any CPU.Build.0 = Release|Any CPU
		{09C23AB5-9A53-494C-BBA8-90ED9618A52F}.Release|x64.ActiveCfg = Release|Any CPU
		{09C23AB5-9A53-494C-BBA8-90ED9618A52F}.Release|x64.Build.0 = Release|Any CPU
		{09C23AB5-9A53-494C-BBA8-90ED9618A52F}.Release|x86.ActiveCfg = Release|Any CPU
		{09C23AB5-9A53-494C-BBA8-90ED9618A52F}.Release|x86.Build.0 = Release|Any CPU
		{24EBAE0F-2727-4372-A860-E8DBBF493903}.Debug|Any CPU.ActiveCfg = Debug|Any CPU
		{24EBAE0F-2727-4372-A860-E8DBBF493903}.Debug|Any CPU.Build.0 = Debug|Any CPU
		{24EBAE0F-2727-4372-A860-E8DBBF493903}.Debug|x64.ActiveCfg = Debug|Any CPU
		{24EBAE0F-2727-4372-A860-E8DBBF493903}.Debug|x64.Build.0 = Debug|Any CPU
		{24EBAE0F-2727-4372-A860-E8DBBF493903}.Debug|x86.ActiveCfg = Debug|Any CPU
		{24EBAE0F-2727-4372-A860-E8DBBF493903}.Debug|x86.Build.0 = Debug|Any CPU
		{24EBAE0F-2727-4372-A860-E8DBBF493903}.Release|Any CPU.ActiveCfg = Release|Any CPU
		{24EBAE0F-2727-4372-A860-E8DBBF493903}.Release|Any CPU.Build.0 = Release|Any CPU
		{24EBAE0F-2727-4372-A860-E8DBBF493903}.Release|x64.ActiveCfg = Release|Any CPU
		{24EBAE0F-2727-4372-A860-E8DBBF493903}.Release|x64.Build.0 = Release|Any CPU
		{24EBAE0F-2727-4372-A860-E8DBBF493903}.Release|x86.ActiveCfg = Release|Any CPU
		{24EBAE0F-2727-4372-A860-E8DBBF493903}.Release|x86.Build.0 = Release|Any CPU
		{9BBA3DC6-ACC1-4D7C-A7FB-C8048BC14FA7}.Debug|Any CPU.ActiveCfg = Debug|Any CPU
		{9BBA3DC6-ACC1-4D7C-A7FB-C8048BC14FA7}.Debug|Any CPU.Build.0 = Debug|Any CPU
		{9BBA3DC6-ACC1-4D7C-A7FB-C8048BC14FA7}.Debug|x64.ActiveCfg = Debug|Any CPU
		{9BBA3DC6-ACC1-4D7C-A7FB-C8048BC14FA7}.Debug|x64.Build.0 = Debug|Any CPU
		{9BBA3DC6-ACC1-4D7C-A7FB-C8048BC14FA7}.Debug|x86.ActiveCfg = Debug|Any CPU
		{9BBA3DC6-ACC1-4D7C-A7FB-C8048BC14FA7}.Debug|x86.Build.0 = Debug|Any CPU
		{9BBA3DC6-ACC1-4D7C-A7FB-C8048BC14FA7}.Release|Any CPU.ActiveCfg = Release|Any CPU
		{9BBA3DC6-ACC1-4D7C-A7FB-C8048BC14FA7}.Release|Any CPU.Build.0 = Release|Any CPU
		{9BBA3DC6-ACC1-4D7C-A7FB-C8048BC14FA7}.Release|x64.ActiveCfg = Release|Any CPU
		{9BBA3DC6-ACC1-4D7C-A7FB-C8048BC14FA7}.Release|x64.Build.0 = Release|Any CPU
		{9BBA3DC6-ACC1-4D7C-A7FB-C8048BC14FA7}.Release|x86.ActiveCfg = Release|Any CPU
		{9BBA3DC6-ACC1-4D7C-A7FB-C8048BC14FA7}.Release|x86.Build.0 = Release|Any CPU
		{9E476E44-974D-4AB9-9C70-A916A54AC2D7}.Debug|Any CPU.ActiveCfg = Debug|Any CPU
		{9E476E44-974D-4AB9-9C70-A916A54AC2D7}.Debug|Any CPU.Build.0 = Debug|Any CPU
		{9E476E44-974D-4AB9-9C70-A916A54AC2D7}.Debug|x64.ActiveCfg = Debug|Any CPU
		{9E476E44-974D-4AB9-9C70-A916A54AC2D7}.Debug|x64.Build.0 = Debug|Any CPU
		{9E476E44-974D-4AB9-9C70-A916A54AC2D7}.Debug|x86.ActiveCfg = Debug|Any CPU
		{9E476E44-974D-4AB9-9C70-A916A54AC2D7}.Debug|x86.Build.0 = Debug|Any CPU
		{9E476E44-974D-4AB9-9C70-A916A54AC2D7}.Release|Any CPU.ActiveCfg = Release|Any CPU
		{9E476E44-974D-4AB9-9C70-A916A54AC2D7}.Release|Any CPU.Build.0 = Release|Any CPU
		{9E476E44-974D-4AB9-9C70-A916A54AC2D7}.Release|x64.ActiveCfg = Release|Any CPU
		{9E476E44-974D-4AB9-9C70-A916A54AC2D7}.Release|x64.Build.0 = Release|Any CPU
		{9E476E44-974D-4AB9-9C70-A916A54AC2D7}.Release|x86.ActiveCfg = Release|Any CPU
		{9E476E44-974D-4AB9-9C70-A916A54AC2D7}.Release|x86.Build.0 = Release|Any CPU
	EndGlobalSection
	GlobalSection(SolutionProperties) = preSolution
		HideSolutionNode = FALSE
	EndGlobalSection
	GlobalSection(NestedProjects) = preSolution
		{8FD9FC85-D90A-42F9-A4AE-22CBEDA28CB7} = {B990CDB7-6C48-4A6D-A3FF-51A6D51B61B2}
		{7571D4CA-5358-4EA1-BD6C-11EBB66062B8} = {6E3F0633-8A32-4594-BA4D-521FE63BFAF3}
		{D3EB769C-27A3-4E87-8D63-0041DE4E4FAC} = {B990CDB7-6C48-4A6D-A3FF-51A6D51B61B2}
		{7627C5F2-8011-47E2-BAE4-4CE96BC4A13D} = {B990CDB7-6C48-4A6D-A3FF-51A6D51B61B2}
		{09C23AB5-9A53-494C-BBA8-90ED9618A52F} = {B990CDB7-6C48-4A6D-A3FF-51A6D51B61B2}
		{24EBAE0F-2727-4372-A860-E8DBBF493903} = {A65AD08D-B868-49A3-8CF6-E5CD36395E1E}
		{9BBA3DC6-ACC1-4D7C-A7FB-C8048BC14FA7} = {A65AD08D-B868-49A3-8CF6-E5CD36395E1E}
		{9E476E44-974D-4AB9-9C70-A916A54AC2D7} = {B990CDB7-6C48-4A6D-A3FF-51A6D51B61B2}
	EndGlobalSection
	GlobalSection(ExtensibilityGlobals) = postSolution
		SolutionGuid = {EAF347B3-1E21-4018-8A52-C8E27C7185C8}
	EndGlobalSection
EndGlobal
